
Microsoft Visual Studio Solution File, Format Version 12.00
# Visual Studio Version 16
VisualStudioVersion = 16.0.32126.315
MinimumVisualStudioVersion = 10.0.40219.1
Project("{FAE04EC0-301F-11D3-BF4B-00C04F79EFBC}") = "Alina_work9", "Alina_work9.csproj", "{D799BCE9-FEC5-48A5-AD69-32260CAC587F}"
EndProject
Global
	GlobalSection(SolutionConfigurationPlatforms) = preSolution
		Debug|Any CPU = Debug|Any CPU
		Release|Any CPU = Release|Any CPU
	EndGlobalSection
	GlobalSection(ProjectConfigurationPlatforms) = postSolution
		{D799BCE9-FEC5-48A5-AD69-32260CAC587F}.Debug|Any CPU.ActiveCfg = Debug|Any CPU
		{D799BCE9-FEC5-48A5-AD69-32260CAC587F}.Debug|Any CPU.Build.0 = Debug|Any CPU
		{D799BCE9-FEC5-48A5-AD69-32260CAC587F}.Release|Any CPU.ActiveCfg = Release|Any CPU
		{D799BCE9-FEC5-48A5-AD69-32260CAC587F}.Release|Any CPU.Build.0 = Release|Any CPU
	EndGlobalSection
	GlobalSection(SolutionProperties) = preSolution
		HideSolutionNode = FALSE
	EndGlobalSection
	GlobalSection(ExtensibilityGlobals) = postSolution
		SolutionGuid = {A0013765-4CD0-4385-88C1-DADA777D2C0E}
	EndGlobalSection
EndGlobal
